// !$*UTF8*$!
{
	archiveVersion = 1;
	classes = {
	};
	objectVersion = 46;
	objects = {

/* Begin PBXBuildFile section */
		6DA495051D94BCC60087BDDB /* main.cpp in Sources */ = {isa = PBXBuildFile; fileRef = 6DA495041D94BCC60087BDDB /* main.cpp */; };
		6DA4950C1D94BCD30087BDDB /* Cocoa.framework in Frameworks */ = {isa = PBXBuildFile; fileRef = 6DA4950B1D94BCD30087BDDB /* Cocoa.framework */; };
		6DA4950E1D94BCDA0087BDDB /* GLUT.framework in Frameworks */ = {isa = PBXBuildFile; fileRef = 6DA4950D1D94BCDA0087BDDB /* GLUT.framework */; };
		6DA495101D94BCE30087BDDB /* OpenGL.framework in Frameworks */ = {isa = PBXBuildFile; fileRef = 6DA4950F1D94BCE30087BDDB /* OpenGL.framework */; };
/* End PBXBuildFile section */

/* Begin PBXCopyFilesBuildPhase section */
		6DA494FF1D94BCC60087BDDB /* CopyFiles */ = {
			isa = PBXCopyFilesBuildPhase;
			buildActionMask = 2147483647;
			dstPath = /usr/share/man/man1/;
			dstSubfolderSpec = 0;
			files = (
			);
			runOnlyForDeploymentPostprocessing = 1;
		};
/* End PBXCopyFilesBuildPhase section */

/* Begin PBXFileReference section */
		6DA495011D94BCC60087BDDB /* Assignment 1 */ = {isa = PBXFileReference; explicitFileType = "compiled.mach-o.executable"; includeInIndex = 0; path = "Assignment 1"; sourceTree = BUILT_PRODUCTS_DIR; };
		6DA495041D94BCC60087BDDB /* main.cpp */ = {isa = PBXFileReference; lastKnownFileType = sourcecode.cpp.cpp; path = main.cpp; sourceTree = "<group>"; };
		6DA4950B1D94BCD30087BDDB /* Cocoa.framework */ = {isa = PBXFileReference; lastKnownFileType = wrapper.framework; name = Cocoa.framework; path = System/Library/Frameworks/Cocoa.framework; sourceTree = SDKROOT; };
		6DA4950D1D94BCDA0087BDDB /* GLUT.framework */ = {isa = PBXFileReference; lastKnownFileType = wrapper.framework; name = GLUT.framework; path = System/Library/Frameworks/GLUT.framework; sourceTree = SDKROOT; };
		6DA4950F1D94BCE30087BDDB /* OpenGL.framework */ = {isa = PBXFileReference; lastKnownFileType = wrapper.framework; name = OpenGL.framework; path = System/Library/Frameworks/OpenGL.framework; sourceTree = SDKROOT; };
/* End PBXFileReference section */

/* Begin PBXFrameworksBuildPhase section */
		6DA494FE1D94BCC60087BDDB /* Frameworks */ = {
			isa = PBXFrameworksBuildPhase;
			buildActionMask = 2147483647;
			files = (
				6DA495101D94BCE30087BDDB /* OpenGL.framework in Frameworks */,
				6DA4950E1D94BCDA0087BDDB /* GLUT.framework in Frameworks */,
				6DA4950C1D94BCD30087BDDB /* Cocoa.framework in Frameworks */,
			);
			runOnlyForDeploymentPostprocessing = 0;
		};
/* End PBXFrameworksBuildPhase section */

/* Begin PBXGroup section */
		6DA494F81D94BCC60087BDDB = {
			isa = PBXGroup;
			children = (
				6DA4950F1D94BCE30087BDDB /* OpenGL.framework */,
				6DA4950D1D94BCDA0087BDDB /* GLUT.framework */,
				6DA4950B1D94BCD30087BDDB /* Cocoa.framework */,
				6DA495031D94BCC60087BDDB /* Assignment 1 */,
				6DA495021D94BCC60087BDDB /* Products */,
			);
			sourceTree = "<group>";
		};
		6DA495021D94BCC60087BDDB /* Products */ = {
			isa = PBXGroup;
			children = (
				6DA495011D94BCC60087BDDB /* Assignment 1 */,
			);
			name = Products;
			sourceTree = "<group>";
		};
		6DA495031D94BCC60087BDDB /* Assignment 1 */ = {
			isa = PBXGroup;
			children = (
				6DA495041D94BCC60087BDDB /* main.cpp */,
			);
			path = "Assignment 1";
			sourceTree = "<group>";
		};
/* End PBXGroup section */

/* Begin PBXNativeTarget section */
		6DA495001D94BCC60087BDDB /* Assignment 1 */ = {
			isa = PBXNativeTarget;
			buildConfigurationList = 6DA495081D94BCC60087BDDB /* Build configuration list for PBXNativeTarget "Assignment 1" */;
			buildPhases = (
				6DA494FD1D94BCC60087BDDB /* Sources */,
				6DA494FE1D94BCC60087BDDB /* Frameworks */,
				6DA494FF1D94BCC60087BDDB /* CopyFiles */,
			);
			buildRules = (
			);
			dependencies = (
			);
			name = "Assignment 1";
			productName = "Assignment 1";
			productReference = 6DA495011D94BCC60087BDDB /* Assignment 1 */;
			productType = "com.apple.product-type.tool";
		};
/* End PBXNativeTarget section */

/* Begin PBXProject section */
		6DA494F91D94BCC60087BDDB /* Project object */ = {
			isa = PBXProject;
			attributes = {
				LastUpgradeCheck = 0730;
				ORGANIZATIONNAME = "Jameel Kaba";
				TargetAttributes = {
					6DA495001D94BCC60087BDDB = {
						CreatedOnToolsVersion = 7.3;
					};
				};
			};
			buildConfigurationList = 6DA494FC1D94BCC60087BDDB /* Build configuration list for PBXProject "Assignment 1" */;
			compatibilityVersion = "Xcode 3.2";
			developmentRegion = English;
			hasScannedForEncodings = 0;
			knownRegions = (
				en,
			);
			mainGroup = 6DA494F81D94BCC60087BDDB;
			productRefGroup = 6DA495021D94BCC60087BDDB /* Products */;
			projectDirPath = "";
			projectRoot = "";
			targets = (
				6DA495001D94BCC60087BDDB /* Assignment 1 */,
			);
		};
/* End PBXProject section */

/* Begin PBXSourcesBuildPhase section */
		6DA494FD1D94BCC60087BDDB /* Sources */ = {
			isa = PBXSourcesBuildPhase;
			buildActionMask = 2147483647;
			files = (
				6DA495051D94BCC60087BDDB /* main.cpp in Sources */,
			);
			runOnlyForDeploymentPostprocessing = 0;
		};
/* End PBXSourcesBuildPhase section */

/* Begin XCBuildConfiguration section */
		6DA495061D94BCC60087BDDB /* Debug */ = {
			isa = XCBuildConfiguration;
			buildSettings = {
				ALWAYS_SEARCH_USER_PATHS = NO;
				CLANG_ANALYZER_NONNULL = YES;
				CLANG_CXX_LANGUAGE_STANDARD = "gnu++0x";
				CLANG_CXX_LIBRARY = "libc++";
				CLANG_ENABLE_MODULES = YES;
				CLANG_ENABLE_OBJC_ARC = YES;
				CLANG_WARN_BOOL_CONVERSION = YES;
				CLANG_WARN_CONSTANT_CONVERSION = YES;
				CLANG_WARN_DIRECT_OBJC_ISA_USAGE = YES_ERROR;
				CLANG_WARN_EMPTY_BODY = YES;
				CLANG_WARN_ENUM_CONVERSION = YES;
				CLANG_WARN_INT_CONVERSION = YES;
				CLANG_WARN_OBJC_ROOT_CLASS = YES_ERROR;
				CLANG_WARN_UNREACHABLE_CODE = YES;
				CLANG_WARN__DUPLICATE_METHOD_MATCH = YES;
				CODE_SIGN_IDENTITY = "-";
				COPY_PHASE_STRIP = NO;
				DEBUG_INFORMATION_FORMAT = dwarf;
				ENABLE_STRICT_OBJC_MSGSEND = YES;
				ENABLE_TESTABILITY = YES;
				GCC_C_LANGUAGE_STANDARD = gnu99;
				GCC_DYNAMIC_NO_PIC = NO;
				GCC_NO_COMMON_BLOCKS = YES;
				GCC_OPTIMIZATION_LEVEL = 0;
				GCC_PREPROCESSOR_DEFINITIONS = (
					"DEBUG=1",
					"$(inherited)",
				);
				GCC_WARN_64_TO_32_BIT_CONVERSION = YES;
				GCC_WARN_ABOUT_RETURN_TYPE = YES_ERROR;
				GCC_WARN_UNDECLARED_SELECTOR = YES;
				GCC_WARN_UNINITIALIZED_AUTOS = YES_AGGRESSIVE;
				GCC_WARN_UNUSED_FUNCTION = YES;
				GCC_WARN_UNUSED_VARIABLE = YES;
				MACOSX_DEPLOYMENT_TARGET = 10.11;
				MTL_ENABLE_DEBUG_INFO = YES;
				ONLY_ACTIVE_ARCH = YES;
				SDKROOT = macosx;
			};
			name = Debug;
		};
		6DA495071D94BCC60087BDDB /* Release */ = {
			isa = XCBuildConfiguration;
			buildSettings = {
				ALWAYS_SEARCH_USER_PATHS = NO;
				CLANG_ANALYZER_NONNULL = YES;
				CLANG_CXX_LANGUAGE_STANDARD = "gnu++0x";
				CLANG_CXX_LIBRARY = "libc++";
				CLANG_ENABLE_MODULES = YES;
				CLANG_ENABLE_OBJC_ARC = YES;
				CLANG_WARN_BOOL_CONVERSION = YES;
				CLANG_WARN_CONSTANT_CONVERSION = YES;
				CLANG_WARN_DIRECT_OBJC_ISA_USAGE = YES_ERROR;
				CLANG_WARN_EMPTY_BODY = YES;
				CLANG_WARN_ENUM_CONVERSION = YES;
				CLANG_WARN_INT_CONVERSION = YES;
				CLANG_WARN_OBJC_ROOT_CLASS = YES_ERROR;
				CLANG_WARN_UNREACHABLE_CODE = YES;
				CLANG_WARN__DUPLICATE_METHOD_MATCH = YES;
				CODE_SIGN_IDENTITY = "-";
				COPY_PHASE_STRIP = NO;
				DEBUG_INFORMATION_FORMAT = "dwarf-with-dsym";
				ENABLE_NS_ASSERTIONS = NO;
				ENABLE_STRICT_OBJC_MSGSEND = YES;
				GCC_C_LANGUAGE_STANDARD = gnu99;
				GCC_NO_COMMON_BLOCKS = YES;
				GCC_WARN_64_TO_32_BIT_CONVERSION = YES;
				GCC_WARN_ABOUT_RETURN_TYPE = YES_ERROR;
				GCC_WARN_UNDECLARED_SELECTOR = YES;
				GCC_WARN_UNINITIALIZED_AUTOS = YES_AGGRESSIVE;
				GCC_WARN_UNUSED_FUNCTION = YES;
				GCC_WARN_UNUSED_VARIABLE = YES;
				MACOSX_DEPLOYMENT_TARGET = 10.11;
				MTL_ENABLE_DEBUG_INFO = NO;
				SDKROOT = macosx;
			};
			name = Release;
		};
		6DA495091D94BCC60087BDDB /* Debug */ = {
			isa = XCBuildConfiguration;
			buildSettings = {
				PRODUCT_NAME = "$(TARGET_NAME)";
			};
			name = Debug;
		};
		6DA4950A1D94BCC60087BDDB /* Release */ = {
			isa = XCBuildConfiguration;
			buildSettings = {
				PRODUCT_NAME = "$(TARGET_NAME)";
			};
			name = Release;
		};
/* End XCBuildConfiguration section */

/* Begin XCConfigurationList section */
		6DA494FC1D94BCC60087BDDB /* Build configuration list for PBXProject "Assignment 1" */ = {
			isa = XCConfigurationList;
			buildConfigurations = (
				6DA495061D94BCC60087BDDB /* Debug */,
				6DA495071D94BCC60087BDDB /* Release */,
			);
			defaultConfigurationIsVisible = 0;
			defaultConfigurationName = Release;
		};
		6DA495081D94BCC60087BDDB /* Build configuration list for PBXNativeTarget "Assignment 1" */ = {
			isa = XCConfigurationList;
			buildConfigurations = (
				6DA495091D94BCC60087BDDB /* Debug */,
				6DA4950A1D94BCC60087BDDB /* Release */,
			);
			defaultConfigurationIsVisible = 0;
		};
/* End XCConfigurationList section */
	};
	rootObject = 6DA494F91D94BCC60087BDDB /* Project object */;
}
